
Microsoft Visual Studio Solution File, Format Version 12.00
# Visual Studio 15
VisualStudioVersion = 15.0.28307.2017
MinimumVisualStudioVersion = 10.0.40219.1
Project("{FAE04EC0-301F-11D3-BF4B-00C04F79EFBC}") = "QuickAsBlink", "QuickAsWink\QuickAsBlink.csproj", "{4BC14285-22A0-426D-BEEA-F41E7F80424D}"
EndProject
Global
	GlobalSection(SolutionConfigurationPlatforms) = preSolution
		Debug|Any CPU = Debug|Any CPU
		Release|Any CPU = Release|Any CPU
	EndGlobalSection
	GlobalSection(ProjectConfigurationPlatforms) = postSolution
		{4BC14285-22A0-426D-BEEA-F41E7F80424D}.Debug|Any CPU.ActiveCfg = Release|Any CPU
		{4BC14285-22A0-426D-BEEA-F41E7F80424D}.Debug|Any CPU.Build.0 = Release|Any CPU
		{4BC14285-22A0-426D-BEEA-F41E7F80424D}.Release|Any CPU.ActiveCfg = Release|Any CPU
		{4BC14285-22A0-426D-BEEA-F41E7F80424D}.Release|Any CPU.Build.0 = Release|Any CPU
	EndGlobalSection
	GlobalSection(SolutionProperties) = preSolution
		HideSolutionNode = FALSE
	EndGlobalSection
	GlobalSection(ExtensibilityGlobals) = postSolution
		SolutionGuid = {2B8578B9-4159-42DB-AE34-C58D3770EA54}
	EndGlobalSection
EndGlobal
